// !$*UTF8*$!
{
	archiveVersion = 1;
	classes = {
	};
	objectVersion = 52;
	objects = {

/* Begin PBXBuildFile section */
		199972E92447DEA200F3BC0E /* Portfolio.swift in Sources */ = {isa = PBXBuildFile; fileRef = 199972E82447DEA200F3BC0E /* Portfolio.swift */; };
		199972EB2447DEC600F3BC0E /* Securities.swift in Sources */ = {isa = PBXBuildFile; fileRef = 199972EA2447DEC600F3BC0E /* Securities.swift */; };
		199972F72448C32100F3BC0E /* MenuView.swift in Sources */ = {isa = PBXBuildFile; fileRef = 199972F62448C32100F3BC0E /* MenuView.swift */; };
		199972F92448D54600F3BC0E /* Home.swift in Sources */ = {isa = PBXBuildFile; fileRef = 199972F82448D54600F3BC0E /* Home.swift */; };
		199972FB2448E2EB00F3BC0E /* HomeView.swift in Sources */ = {isa = PBXBuildFile; fileRef = 199972FA2448E2EB00F3BC0E /* HomeView.swift */; };
		199972FF2449253A00F3BC0E /* UpdateKycList.swift in Sources */ = {isa = PBXBuildFile; fileRef = 199972FE2449253A00F3BC0E /* UpdateKycList.swift */; };
		1999730324492BA000F3BC0E /* KYC.swift in Sources */ = {isa = PBXBuildFile; fileRef = 1999730224492BA000F3BC0E /* KYC.swift */; };
		19997305244A0A0200F3BC0E /* UpdateKycDetail.swift in Sources */ = {isa = PBXBuildFile; fileRef = 19997304244A0A0100F3BC0E /* UpdateKycDetail.swift */; };
		1999730F244A4ED900F3BC0E /* AddNewKycTask.swift in Sources */ = {isa = PBXBuildFile; fileRef = 1999730E244A4ED900F3BC0E /* AddNewKycTask.swift */; };
		19997311244A585400F3BC0E /* TabBar.swift in Sources */ = {isa = PBXBuildFile; fileRef = 19997310244A585400F3BC0E /* TabBar.swift */; };
		19997313244A5BC600F3BC0E /* NewsView.swift in Sources */ = {isa = PBXBuildFile; fileRef = 19997312244A5BC600F3BC0E /* NewsView.swift */; };
		19997315244A5BDF00F3BC0E /* Settings.swift in Sources */ = {isa = PBXBuildFile; fileRef = 19997314244A5BDF00F3BC0E /* Settings.swift */; };
		19997319244A60DD00F3BC0E /* RingView.swift in Sources */ = {isa = PBXBuildFile; fileRef = 19997318244A60DD00F3BC0E /* RingView.swift */; };
		1999731C244A622600F3BC0E /* SwiftUICharts in Frameworks */ = {isa = PBXBuildFile; productRef = 1999731B244A622600F3BC0E /* SwiftUICharts */; };
		19997322244A6AEA00F3BC0E /* SecuritiesView.swift in Sources */ = {isa = PBXBuildFile; fileRef = 19997321244A6AEA00F3BC0E /* SecuritiesView.swift */; };
		19997326244AA63400F3BC0E /* SecurityCardView.swift in Sources */ = {isa = PBXBuildFile; fileRef = 19997325244AA63400F3BC0E /* SecurityCardView.swift */; };
		19997328244B71A500F3BC0E /* Modifiers.swift in Sources */ = {isa = PBXBuildFile; fileRef = 19997327244B71A500F3BC0E /* Modifiers.swift */; };
		1999732A244B87DA00F3BC0E /* ClientInfoView.swift in Sources */ = {isa = PBXBuildFile; fileRef = 19997329244B87DA00F3BC0E /* ClientInfoView.swift */; };
		1999732C244BD1A400F3BC0E /* PortfolioInfoView.swift in Sources */ = {isa = PBXBuildFile; fileRef = 1999732B244BD1A400F3BC0E /* PortfolioInfoView.swift */; };
		1999732F244C06FD00F3BC0E /* SunburstDiagram in Frameworks */ = {isa = PBXBuildFile; productRef = 1999732E244C06FD00F3BC0E /* SunburstDiagram */; };
		19997336244C091A00F3BC0E /* Sliders in Frameworks */ = {isa = PBXBuildFile; productRef = 19997335244C091A00F3BC0E /* Sliders */; };
		19997338244CBA1B00F3BC0E /* RiskRingView.swift in Sources */ = {isa = PBXBuildFile; fileRef = 19997337244CBA1B00F3BC0E /* RiskRingView.swift */; };
		1999733A244CE4DA00F3BC0E /* Stocks.swift in Sources */ = {isa = PBXBuildFile; fileRef = 19997339244CE4DA00F3BC0E /* Stocks.swift */; };
		1999733D244DF55700F3BC0E /* Alamofire in Frameworks */ = {isa = PBXBuildFile; productRef = 1999733C244DF55700F3BC0E /* Alamofire */; };
		19997340244E16C600F3BC0E /* SwiftyJSON in Frameworks */ = {isa = PBXBuildFile; productRef = 1999733F244E16C600F3BC0E /* SwiftyJSON */; };
		19997344244F86B300F3BC0E /* News.swift in Sources */ = {isa = PBXBuildFile; fileRef = 19997343244F86B300F3BC0E /* News.swift */; };
		19997346245395BC00F3BC0E /* NewsCard.swift in Sources */ = {isa = PBXBuildFile; fileRef = 19997345245395BC00F3BC0E /* NewsCard.swift */; };
		1999738D2458B6D900F3BC0E /* SDWebImageSwiftUI in Frameworks */ = {isa = PBXBuildFile; productRef = 1999738C2458B6D900F3BC0E /* SDWebImageSwiftUI */; };
		1999738F245906B000F3BC0E /* EditPortfolio.swift in Sources */ = {isa = PBXBuildFile; fileRef = 1999738E245906B000F3BC0E /* EditPortfolio.swift */; };
		19BA2EAD245CC16C00636ECC /* FirstTradingMonth.swift in Sources */ = {isa = PBXBuildFile; fileRef = 19BA2EAC245CC16C00636ECC /* FirstTradingMonth.swift */; };
		19BA2EB1245CC40900636ECC /* SecondTradingMonth.swift in Sources */ = {isa = PBXBuildFile; fileRef = 19BA2EB0245CC40900636ECC /* SecondTradingMonth.swift */; };
		19BA2EB3245CC55300636ECC /* ThirdTradingMonth.swift in Sources */ = {isa = PBXBuildFile; fileRef = 19BA2EB2245CC55300636ECC /* ThirdTradingMonth.swift */; };
		19CCB6AB2445332800DFAD05 /* AppDelegate.swift in Sources */ = {isa = PBXBuildFile; fileRef = 19CCB6AA2445332800DFAD05 /* AppDelegate.swift */; };
		19CCB6AD2445332800DFAD05 /* SceneDelegate.swift in Sources */ = {isa = PBXBuildFile; fileRef = 19CCB6AC2445332800DFAD05 /* SceneDelegate.swift */; };
		19CCB6B12445332900DFAD05 /* Assets.xcassets in Resources */ = {isa = PBXBuildFile; fileRef = 19CCB6B02445332900DFAD05 /* Assets.xcassets */; };
		19CCB6B42445332900DFAD05 /* Preview Assets.xcassets in Resources */ = {isa = PBXBuildFile; fileRef = 19CCB6B32445332900DFAD05 /* Preview Assets.xcassets */; };
		19CCB6B72445332900DFAD05 /* LaunchScreen.storyboard in Resources */ = {isa = PBXBuildFile; fileRef = 19CCB6B52445332900DFAD05 /* LaunchScreen.storyboard */; };
		19CCB6C22445332A00DFAD05 /* InsightXTests.swift in Sources */ = {isa = PBXBuildFile; fileRef = 19CCB6C12445332A00DFAD05 /* InsightXTests.swift */; };
		19CCB6CD2445332A00DFAD05 /* InsightXUITests.swift in Sources */ = {isa = PBXBuildFile; fileRef = 19CCB6CC2445332A00DFAD05 /* InsightXUITests.swift */; };
		19CCB6E424466D0E00DFAD05 /* GoogleService-Info.plist in Resources */ = {isa = PBXBuildFile; fileRef = 19CCB6E324466D0E00DFAD05 /* GoogleService-Info.plist */; };
		19CCB6EA24469DE200DFAD05 /* Client.swift in Sources */ = {isa = PBXBuildFile; fileRef = 19CCB6E924469DE200DFAD05 /* Client.swift */; };
		19CCB6FA2447AEA800DFAD05 /* FirebaseData.swift in Sources */ = {isa = PBXBuildFile; fileRef = 19CCB6F92447AEA800DFAD05 /* FirebaseData.swift */; };
		1ECB3C55F3575D09A5370F25 /* Pods_InsightXTests.framework in Frameworks */ = {isa = PBXBuildFile; fileRef = 789481C7B55E26406F87BAC3 /* Pods_InsightXTests.framework */; };
		C4CAFE52FF1485930CCD94C7 /* Pods_InsightX.framework in Frameworks */ = {isa = PBXBuildFile; fileRef = C92AB0A0200D7DD3A3BFF796 /* Pods_InsightX.framework */; };
		C7DA2F957943E5881B2CAE97 /* Pods_InsightX_InsightXUITests.framework in Frameworks */ = {isa = PBXBuildFile; fileRef = 4AA9763630B1468C066D9D85 /* Pods_InsightX_InsightXUITests.framework */; };
/* End PBXBuildFile section */

/* Begin PBXContainerItemProxy section */
		19CCB6BE2445332A00DFAD05 /* PBXContainerItemProxy */ = {
			isa = PBXContainerItemProxy;
			containerPortal = 19CCB69F2445332800DFAD05 /* Project object */;
			proxyType = 1;
			remoteGlobalIDString = 19CCB6A62445332800DFAD05;
			remoteInfo = InsightX;
		};
		19CCB6C92445332A00DFAD05 /* PBXContainerItemProxy */ = {
			isa = PBXContainerItemProxy;
			containerPortal = 19CCB69F2445332800DFAD05 /* Project object */;
			proxyType = 1;
			remoteGlobalIDString = 19CCB6A62445332800DFAD05;
			remoteInfo = InsightX;
		};
/* End PBXContainerItemProxy section */

/* Begin PBXFileReference section */
		199972E82447DEA200F3BC0E /* Portfolio.swift */ = {isa = PBXFileReference; lastKnownFileType = sourcecode.swift; path = Portfolio.swift; sourceTree = "<group>"; };
		199972EA2447DEC600F3BC0E /* Securities.swift */ = {isa = PBXFileReference; lastKnownFileType = sourcecode.swift; path = Securities.swift; sourceTree = "<group>"; };
		199972F62448C32100F3BC0E /* MenuView.swift */ = {isa = PBXFileReference; lastKnownFileType = sourcecode.swift; path = MenuView.swift; sourceTree = "<group>"; };
		199972F82448D54600F3BC0E /* Home.swift */ = {isa = PBXFileReference; lastKnownFileType = sourcecode.swift; path = Home.swift; sourceTree = "<group>"; };
		199972FA2448E2EB00F3BC0E /* HomeView.swift */ = {isa = PBXFileReference; lastKnownFileType = sourcecode.swift; path = HomeView.swift; sourceTree = "<group>"; };
		199972FE2449253A00F3BC0E /* UpdateKycList.swift */ = {isa = PBXFileReference; lastKnownFileType = sourcecode.swift; path = UpdateKycList.swift; sourceTree = "<group>"; };
		1999730224492BA000F3BC0E /* KYC.swift */ = {isa = PBXFileReference; lastKnownFileType = sourcecode.swift; path = KYC.swift; sourceTree = "<group>"; };
		19997304244A0A0100F3BC0E /* UpdateKycDetail.swift */ = {isa = PBXFileReference; lastKnownFileType = sourcecode.swift; path = UpdateKycDetail.swift; sourceTree = "<group>"; };
		1999730E244A4ED900F3BC0E /* AddNewKycTask.swift */ = {isa = PBXFileReference; lastKnownFileType = sourcecode.swift; path = AddNewKycTask.swift; sourceTree = "<group>"; };
		19997310244A585400F3BC0E /* TabBar.swift */ = {isa = PBXFileReference; lastKnownFileType = sourcecode.swift; path = TabBar.swift; sourceTree = "<group>"; };
		19997312244A5BC600F3BC0E /* NewsView.swift */ = {isa = PBXFileReference; lastKnownFileType = sourcecode.swift; path = NewsView.swift; sourceTree = "<group>"; };
		19997314244A5BDF00F3BC0E /* Settings.swift */ = {isa = PBXFileReference; lastKnownFileType = sourcecode.swift; path = Settings.swift; sourceTree = "<group>"; };
		19997318244A60DD00F3BC0E /* RingView.swift */ = {isa = PBXFileReference; lastKnownFileType = sourcecode.swift; path = RingView.swift; sourceTree = "<group>"; };
		19997321244A6AEA00F3BC0E /* SecuritiesView.swift */ = {isa = PBXFileReference; lastKnownFileType = sourcecode.swift; path = SecuritiesView.swift; sourceTree = "<group>"; };
		19997325244AA63400F3BC0E /* SecurityCardView.swift */ = {isa = PBXFileReference; lastKnownFileType = sourcecode.swift; path = SecurityCardView.swift; sourceTree = "<group>"; };
		19997327244B71A500F3BC0E /* Modifiers.swift */ = {isa = PBXFileReference; lastKnownFileType = sourcecode.swift; path = Modifiers.swift; sourceTree = "<group>"; };
		19997329244B87DA00F3BC0E /* ClientInfoView.swift */ = {isa = PBXFileReference; lastKnownFileType = sourcecode.swift; path = ClientInfoView.swift; sourceTree = "<group>"; };
		1999732B244BD1A400F3BC0E /* PortfolioInfoView.swift */ = {isa = PBXFileReference; lastKnownFileType = sourcecode.swift; path = PortfolioInfoView.swift; sourceTree = "<group>"; };
		19997337244CBA1B00F3BC0E /* RiskRingView.swift */ = {isa = PBXFileReference; lastKnownFileType = sourcecode.swift; path = RiskRingView.swift; sourceTree = "<group>"; };
		19997339244CE4DA00F3BC0E /* Stocks.swift */ = {isa = PBXFileReference; lastKnownFileType = sourcecode.swift; path = Stocks.swift; sourceTree = "<group>"; };
		19997343244F86B300F3BC0E /* News.swift */ = {isa = PBXFileReference; lastKnownFileType = sourcecode.swift; path = News.swift; sourceTree = "<group>"; };
		19997345245395BC00F3BC0E /* NewsCard.swift */ = {isa = PBXFileReference; fileEncoding = 4; lastKnownFileType = sourcecode.swift; path = NewsCard.swift; sourceTree = "<group>"; };
		1999738E245906B000F3BC0E /* EditPortfolio.swift */ = {isa = PBXFileReference; lastKnownFileType = sourcecode.swift; path = EditPortfolio.swift; sourceTree = "<group>"; };
		19BA2EAC245CC16C00636ECC /* FirstTradingMonth.swift */ = {isa = PBXFileReference; lastKnownFileType = sourcecode.swift; path = FirstTradingMonth.swift; sourceTree = "<group>"; };
		19BA2EB0245CC40900636ECC /* SecondTradingMonth.swift */ = {isa = PBXFileReference; lastKnownFileType = sourcecode.swift; path = SecondTradingMonth.swift; sourceTree = "<group>"; };
		19BA2EB2245CC55300636ECC /* ThirdTradingMonth.swift */ = {isa = PBXFileReference; lastKnownFileType = sourcecode.swift; path = ThirdTradingMonth.swift; sourceTree = "<group>"; };
		19CCB6A72445332800DFAD05 /* InsightX.app */ = {isa = PBXFileReference; explicitFileType = wrapper.application; includeInIndex = 0; path = InsightX.app; sourceTree = BUILT_PRODUCTS_DIR; };
		19CCB6AA2445332800DFAD05 /* AppDelegate.swift */ = {isa = PBXFileReference; lastKnownFileType = sourcecode.swift; path = AppDelegate.swift; sourceTree = "<group>"; };
		19CCB6AC2445332800DFAD05 /* SceneDelegate.swift */ = {isa = PBXFileReference; lastKnownFileType = sourcecode.swift; path = SceneDelegate.swift; sourceTree = "<group>"; };
		19CCB6B02445332900DFAD05 /* Assets.xcassets */ = {isa = PBXFileReference; lastKnownFileType = folder.assetcatalog; path = Assets.xcassets; sourceTree = "<group>"; };
		19CCB6B32445332900DFAD05 /* Preview Assets.xcassets */ = {isa = PBXFileReference; lastKnownFileType = folder.assetcatalog; path = "Preview Assets.xcassets"; sourceTree = "<group>"; };
		19CCB6B62445332900DFAD05 /* Base */ = {isa = PBXFileReference; lastKnownFileType = file.storyboard; name = Base; path = Base.lproj/LaunchScreen.storyboard; sourceTree = "<group>"; };
		19CCB6B82445332900DFAD05 /* Info.plist */ = {isa = PBXFileReference; lastKnownFileType = text.plist.xml; path = Info.plist; sourceTree = "<group>"; };
		19CCB6BD2445332A00DFAD05 /* InsightXTests.xctest */ = {isa = PBXFileReference; explicitFileType = wrapper.cfbundle; includeInIndex = 0; path = InsightXTests.xctest; sourceTree = BUILT_PRODUCTS_DIR; };
		19CCB6C12445332A00DFAD05 /* InsightXTests.swift */ = {isa = PBXFileReference; lastKnownFileType = sourcecode.swift; path = InsightXTests.swift; sourceTree = "<group>"; };
		19CCB6C32445332A00DFAD05 /* Info.plist */ = {isa = PBXFileReference; lastKnownFileType = text.plist.xml; path = Info.plist; sourceTree = "<group>"; };
		19CCB6C82445332A00DFAD05 /* InsightXUITests.xctest */ = {isa = PBXFileReference; explicitFileType = wrapper.cfbundle; includeInIndex = 0; path = InsightXUITests.xctest; sourceTree = BUILT_PRODUCTS_DIR; };
		19CCB6CC2445332A00DFAD05 /* InsightXUITests.swift */ = {isa = PBXFileReference; lastKnownFileType = sourcecode.swift; path = InsightXUITests.swift; sourceTree = "<group>"; };
		19CCB6CE2445332A00DFAD05 /* Info.plist */ = {isa = PBXFileReference; lastKnownFileType = text.plist.xml; path = Info.plist; sourceTree = "<group>"; };
		19CCB6E324466D0E00DFAD05 /* GoogleService-Info.plist */ = {isa = PBXFileReference; fileEncoding = 4; lastKnownFileType = text.plist.xml; path = "GoogleService-Info.plist"; sourceTree = "<group>"; };
		19CCB6E924469DE200DFAD05 /* Client.swift */ = {isa = PBXFileReference; lastKnownFileType = sourcecode.swift; path = Client.swift; sourceTree = "<group>"; };
		19CCB6F92447AEA800DFAD05 /* FirebaseData.swift */ = {isa = PBXFileReference; fileEncoding = 4; lastKnownFileType = sourcecode.swift; path = FirebaseData.swift; sourceTree = "<group>"; };
		4AA9763630B1468C066D9D85 /* Pods_InsightX_InsightXUITests.framework */ = {isa = PBXFileReference; explicitFileType = wrapper.framework; includeInIndex = 0; path = Pods_InsightX_InsightXUITests.framework; sourceTree = BUILT_PRODUCTS_DIR; };
		789481C7B55E26406F87BAC3 /* Pods_InsightXTests.framework */ = {isa = PBXFileReference; explicitFileType = wrapper.framework; includeInIndex = 0; path = Pods_InsightXTests.framework; sourceTree = BUILT_PRODUCTS_DIR; };
		91FFB55463D1B462DA0E9F1E /* Pods-InsightXTests.release.xcconfig */ = {isa = PBXFileReference; includeInIndex = 1; lastKnownFileType = text.xcconfig; name = "Pods-InsightXTests.release.xcconfig"; path = "Target Support Files/Pods-InsightXTests/Pods-InsightXTests.release.xcconfig"; sourceTree = "<group>"; };
		9EBD6FC51F50B33205E59034 /* Pods-InsightX-InsightXUITests.release.xcconfig */ = {isa = PBXFileReference; includeInIndex = 1; lastKnownFileType = text.xcconfig; name = "Pods-InsightX-InsightXUITests.release.xcconfig"; path = "Target Support Files/Pods-InsightX-InsightXUITests/Pods-InsightX-InsightXUITests.release.xcconfig"; sourceTree = "<group>"; };
		9F0AC26CDDE261469B9B7DA7 /* Pods-InsightX.debug.xcconfig */ = {isa = PBXFileReference; includeInIndex = 1; lastKnownFileType = text.xcconfig; name = "Pods-InsightX.debug.xcconfig"; path = "Target Support Files/Pods-InsightX/Pods-InsightX.debug.xcconfig"; sourceTree = "<group>"; };
		ADFFA064E315147F080EFFA0 /* Pods-InsightX.release.xcconfig */ = {isa = PBXFileReference; includeInIndex = 1; lastKnownFileType = text.xcconfig; name = "Pods-InsightX.release.xcconfig"; path = "Target Support Files/Pods-InsightX/Pods-InsightX.release.xcconfig"; sourceTree = "<group>"; };
		C92AB0A0200D7DD3A3BFF796 /* Pods_InsightX.framework */ = {isa = PBXFileReference; explicitFileType = wrapper.framework; includeInIndex = 0; path = Pods_InsightX.framework; sourceTree = BUILT_PRODUCTS_DIR; };
		CFFC84E620E8AF7775B73CF2 /* Pods-InsightXTests.debug.xcconfig */ = {isa = PBXFileReference; includeInIndex = 1; lastKnownFileType = text.xcconfig; name = "Pods-InsightXTests.debug.xcconfig"; path = "Target Support Files/Pods-InsightXTests/Pods-InsightXTests.debug.xcconfig"; sourceTree = "<group>"; };
		DA320B3E543E5783B7E2C766 /* Pods-InsightX-InsightXUITests.debug.xcconfig */ = {isa = PBXFileReference; includeInIndex = 1; lastKnownFileType = text.xcconfig; name = "Pods-InsightX-InsightXUITests.debug.xcconfig"; path = "Target Support Files/Pods-InsightX-InsightXUITests/Pods-InsightX-InsightXUITests.debug.xcconfig"; sourceTree = "<group>"; };
/* End PBXFileReference section */

/* Begin PBXFrameworksBuildPhase section */
		19CCB6A42445332800DFAD05 /* Frameworks */ = {
			isa = PBXFrameworksBuildPhase;
			buildActionMask = 2147483647;
			files = (
				1999738D2458B6D900F3BC0E /* SDWebImageSwiftUI in Frameworks */,
				19997340244E16C600F3BC0E /* SwiftyJSON in Frameworks */,
				1999733D244DF55700F3BC0E /* Alamofire in Frameworks */,
				1999732F244C06FD00F3BC0E /* SunburstDiagram in Frameworks */,
				19997336244C091A00F3BC0E /* Sliders in Frameworks */,
				C4CAFE52FF1485930CCD94C7 /* Pods_InsightX.framework in Frameworks */,
				1999731C244A622600F3BC0E /* SwiftUICharts in Frameworks */,
			);
			runOnlyForDeploymentPostprocessing = 0;
		};
		19CCB6BA2445332A00DFAD05 /* Frameworks */ = {
			isa = PBXFrameworksBuildPhase;
			buildActionMask = 2147483647;
			files = (
				1ECB3C55F3575D09A5370F25 /* Pods_InsightXTests.framework in Frameworks */,
			);
			runOnlyForDeploymentPostprocessing = 0;
		};
		19CCB6C52445332A00DFAD05 /* Frameworks */ = {
			isa = PBXFrameworksBuildPhase;
			buildActionMask = 2147483647;
			files = (
				C7DA2F957943E5881B2CAE97 /* Pods_InsightX_InsightXUITests.framework in Frameworks */,
			);
			runOnlyForDeploymentPostprocessing = 0;
		};
/* End PBXFrameworksBuildPhase section */

/* Begin PBXGroup section */
		19CCB69E2445332800DFAD05 = {
			isa = PBXGroup;
			children = (
				19CCB6A92445332800DFAD05 /* InsightX */,
				19CCB6C02445332A00DFAD05 /* InsightXTests */,
				19CCB6CB2445332A00DFAD05 /* InsightXUITests */,
				19CCB6A82445332800DFAD05 /* Products */,
				63B665D54B75869F8CA1A6D4 /* Pods */,
				540B636CEB8EFAF2E473E541 /* Frameworks */,
			);
			sourceTree = "<group>";
		};
		19CCB6A82445332800DFAD05 /* Products */ = {
			isa = PBXGroup;
			children = (
				19CCB6A72445332800DFAD05 /* InsightX.app */,
				19CCB6BD2445332A00DFAD05 /* InsightXTests.xctest */,
				19CCB6C82445332A00DFAD05 /* InsightXUITests.xctest */,
			);
			name = Products;
			sourceTree = "<group>";
		};
		19CCB6A92445332800DFAD05 /* InsightX */ = {
			isa = PBXGroup;
			children = (
				19CCB6F82447AE2100DFAD05 /* Firebase */,
				19CCB6E324466D0E00DFAD05 /* GoogleService-Info.plist */,
				19CCB6AA2445332800DFAD05 /* AppDelegate.swift */,
				19CCB6AC2445332800DFAD05 /* SceneDelegate.swift */,
				19997329244B87DA00F3BC0E /* ClientInfoView.swift */,
				199972F62448C32100F3BC0E /* MenuView.swift */,
				199972F82448D54600F3BC0E /* Home.swift */,
				1999732B244BD1A400F3BC0E /* PortfolioInfoView.swift */,
				199972FA2448E2EB00F3BC0E /* HomeView.swift */,
				19997337244CBA1B00F3BC0E /* RiskRingView.swift */,
				19997325244AA63400F3BC0E /* SecurityCardView.swift */,
				19997321244A6AEA00F3BC0E /* SecuritiesView.swift */,
				19997318244A60DD00F3BC0E /* RingView.swift */,
				19997327244B71A500F3BC0E /* Modifiers.swift */,
				199972FE2449253A00F3BC0E /* UpdateKycList.swift */,
				19997304244A0A0100F3BC0E /* UpdateKycDetail.swift */,
				19CCB6B02445332900DFAD05 /* Assets.xcassets */,
				19CCB6B52445332900DFAD05 /* LaunchScreen.storyboard */,
				19CCB6B82445332900DFAD05 /* Info.plist */,
				19CCB6B22445332900DFAD05 /* Preview Content */,
				19CCB6E02446486300DFAD05 /* Model */,
				1999730E244A4ED900F3BC0E /* AddNewKycTask.swift */,
				19997310244A585400F3BC0E /* TabBar.swift */,
				19997312244A5BC600F3BC0E /* NewsView.swift */,
				19997345245395BC00F3BC0E /* NewsCard.swift */,
				19997314244A5BDF00F3BC0E /* Settings.swift */,
				1999738E245906B000F3BC0E /* EditPortfolio.swift */,
			);
			path = InsightX;
			sourceTree = "<group>";
		};
		19CCB6B22445332900DFAD05 /* Preview Content */ = {
			isa = PBXGroup;
			children = (
				19CCB6B32445332900DFAD05 /* Preview Assets.xcassets */,
			);
			path = "Preview Content";
			sourceTree = "<group>";
		};
		19CCB6C02445332A00DFAD05 /* InsightXTests */ = {
			isa = PBXGroup;
			children = (
				19CCB6C12445332A00DFAD05 /* InsightXTests.swift */,
				19CCB6C32445332A00DFAD05 /* Info.plist */,
			);
			path = InsightXTests;
			sourceTree = "<group>";
		};
		19CCB6CB2445332A00DFAD05 /* InsightXUITests */ = {
			isa = PBXGroup;
			children = (
				19CCB6CC2445332A00DFAD05 /* InsightXUITests.swift */,
				19CCB6CE2445332A00DFAD05 /* Info.plist */,
			);
			path = InsightXUITests;
			sourceTree = "<group>";
		};
		19CCB6E02446486300DFAD05 /* Model */ = {
			isa = PBXGroup;
			children = (
				19CCB6E924469DE200DFAD05 /* Client.swift */,
				199972E82447DEA200F3BC0E /* Portfolio.swift */,
				199972EA2447DEC600F3BC0E /* Securities.swift */,
				1999730224492BA000F3BC0E /* KYC.swift */,
				19997339244CE4DA00F3BC0E /* Stocks.swift */,
				19997343244F86B300F3BC0E /* News.swift */,
				19BA2EAC245CC16C00636ECC /* FirstTradingMonth.swift */,
				19BA2EB0245CC40900636ECC /* SecondTradingMonth.swift */,
				19BA2EB2245CC55300636ECC /* ThirdTradingMonth.swift */,
			);
			path = Model;
			sourceTree = "<group>";
		};
		19CCB6F82447AE2100DFAD05 /* Firebase */ = {
			isa = PBXGroup;
			children = (
				19CCB6F92447AEA800DFAD05 /* FirebaseData.swift */,
			);
			path = Firebase;
			sourceTree = "<group>";
		};
		540B636CEB8EFAF2E473E541 /* Frameworks */ = {
			isa = PBXGroup;
			children = (
				C92AB0A0200D7DD3A3BFF796 /* Pods_InsightX.framework */,
				4AA9763630B1468C066D9D85 /* Pods_InsightX_InsightXUITests.framework */,
				789481C7B55E26406F87BAC3 /* Pods_InsightXTests.framework */,
			);
			name = Frameworks;
			sourceTree = "<group>";
		};
		63B665D54B75869F8CA1A6D4 /* Pods */ = {
			isa = PBXGroup;
			children = (
				9F0AC26CDDE261469B9B7DA7 /* Pods-InsightX.debug.xcconfig */,
				ADFFA064E315147F080EFFA0 /* Pods-InsightX.release.xcconfig */,
				DA320B3E543E5783B7E2C766 /* Pods-InsightX-InsightXUITests.debug.xcconfig */,
				9EBD6FC51F50B33205E59034 /* Pods-InsightX-InsightXUITests.release.xcconfig */,
				CFFC84E620E8AF7775B73CF2 /* Pods-InsightXTests.debug.xcconfig */,
				91FFB55463D1B462DA0E9F1E /* Pods-InsightXTests.release.xcconfig */,
			);
			path = Pods;
			sourceTree = "<group>";
		};
/* End PBXGroup section */

/* Begin PBXNativeTarget section */
		19CCB6A62445332800DFAD05 /* InsightX */ = {
			isa = PBXNativeTarget;
			buildConfigurationList = 19CCB6D12445332A00DFAD05 /* Build configuration list for PBXNativeTarget "InsightX" */;
			buildPhases = (
				5EF4C0790E2B1B329EE49409 /* [CP] Check Pods Manifest.lock */,
				19CCB6A32445332800DFAD05 /* Sources */,
				19CCB6A42445332800DFAD05 /* Frameworks */,
				19CCB6A52445332800DFAD05 /* Resources */,
				62BB06B5FC6D1F42E307C771 /* [CP] Embed Pods Frameworks */,
			);
			buildRules = (
			);
			dependencies = (
			);
			name = InsightX;
			packageProductDependencies = (
				1999731B244A622600F3BC0E /* SwiftUICharts */,
				1999732E244C06FD00F3BC0E /* SunburstDiagram */,
				19997335244C091A00F3BC0E /* Sliders */,
				1999733C244DF55700F3BC0E /* Alamofire */,
				1999733F244E16C600F3BC0E /* SwiftyJSON */,
				1999738C2458B6D900F3BC0E /* SDWebImageSwiftUI */,
			);
			productName = InsightX;
			productReference = 19CCB6A72445332800DFAD05 /* InsightX.app */;
			productType = "com.apple.product-type.application";
		};
		19CCB6BC2445332A00DFAD05 /* InsightXTests */ = {
			isa = PBXNativeTarget;
			buildConfigurationList = 19CCB6D42445332A00DFAD05 /* Build configuration list for PBXNativeTarget "InsightXTests" */;
			buildPhases = (
				564772B5BEFD04A2FB8D3569 /* [CP] Check Pods Manifest.lock */,
				19CCB6B92445332A00DFAD05 /* Sources */,
				19CCB6BA2445332A00DFAD05 /* Frameworks */,
				19CCB6BB2445332A00DFAD05 /* Resources */,
			);
			buildRules = (
			);
			dependencies = (
				19CCB6BF2445332A00DFAD05 /* PBXTargetDependency */,
			);
			name = InsightXTests;
			productName = InsightXTests;
			productReference = 19CCB6BD2445332A00DFAD05 /* InsightXTests.xctest */;
			productType = "com.apple.product-type.bundle.unit-test";
		};
		19CCB6C72445332A00DFAD05 /* InsightXUITests */ = {
			isa = PBXNativeTarget;
			buildConfigurationList = 19CCB6D72445332A00DFAD05 /* Build configuration list for PBXNativeTarget "InsightXUITests" */;
			buildPhases = (
				21F6647941A55341D51CBDC7 /* [CP] Check Pods Manifest.lock */,
				19CCB6C42445332A00DFAD05 /* Sources */,
				19CCB6C52445332A00DFAD05 /* Frameworks */,
				19CCB6C62445332A00DFAD05 /* Resources */,
				5B9DA73CF15E97E98387BFFC /* [CP] Embed Pods Frameworks */,
			);
			buildRules = (
			);
			dependencies = (
				19CCB6CA2445332A00DFAD05 /* PBXTargetDependency */,
			);
			name = InsightXUITests;
			productName = InsightXUITests;
			productReference = 19CCB6C82445332A00DFAD05 /* InsightXUITests.xctest */;
			productType = "com.apple.product-type.bundle.ui-testing";
		};
/* End PBXNativeTarget section */

/* Begin PBXProject section */
		19CCB69F2445332800DFAD05 /* Project object */ = {
			isa = PBXProject;
			attributes = {
				LastSwiftUpdateCheck = 1140;
				LastUpgradeCheck = 1140;
				ORGANIZATIONNAME = "Arish Tripathi";
				TargetAttributes = {
					19CCB6A62445332800DFAD05 = {
						CreatedOnToolsVersion = 11.4;
					};
					19CCB6BC2445332A00DFAD05 = {
						CreatedOnToolsVersion = 11.4;
						TestTargetID = 19CCB6A62445332800DFAD05;
					};
					19CCB6C72445332A00DFAD05 = {
						CreatedOnToolsVersion = 11.4;
						TestTargetID = 19CCB6A62445332800DFAD05;
					};
				};
			};
			buildConfigurationList = 19CCB6A22445332800DFAD05 /* Build configuration list for PBXProject "InsightX" */;
			compatibilityVersion = "Xcode 9.3";
			developmentRegion = en;
			hasScannedForEncodings = 0;
			knownRegions = (
				en,
				Base,
			);
			mainGroup = 19CCB69E2445332800DFAD05;
			packageReferences = (
				1999731A244A622600F3BC0E /* XCRemoteSwiftPackageReference "ChartView" */,
				1999732D244C06FC00F3BC0E /* XCRemoteSwiftPackageReference "SwiftSunburstDiagram" */,
				19997334244C091A00F3BC0E /* XCRemoteSwiftPackageReference "swiftui-sliders" */,
				1999733B244DF55700F3BC0E /* XCRemoteSwiftPackageReference "Alamofire" */,
				1999733E244E16C600F3BC0E /* XCRemoteSwiftPackageReference "SwiftyJSON" */,
				1999738B2458B6D900F3BC0E /* XCRemoteSwiftPackageReference "SDWebImageSwiftUI" */,
			);
			productRefGroup = 19CCB6A82445332800DFAD05 /* Products */;
			projectDirPath = "";
			projectRoot = "";
			targets = (
				19CCB6A62445332800DFAD05 /* InsightX */,
				19CCB6BC2445332A00DFAD05 /* InsightXTests */,
				19CCB6C72445332A00DFAD05 /* InsightXUITests */,
			);
		};
/* End PBXProject section */

/* Begin PBXResourcesBuildPhase section */
		19CCB6A52445332800DFAD05 /* Resources */ = {
			isa = PBXResourcesBuildPhase;
			buildActionMask = 2147483647;
			files = (
				19CCB6B72445332900DFAD05 /* LaunchScreen.storyboard in Resources */,
				19CCB6B42445332900DFAD05 /* Preview Assets.xcassets in Resources */,
				19CCB6B12445332900DFAD05 /* Assets.xcassets in Resources */,
				19CCB6E424466D0E00DFAD05 /* GoogleService-Info.plist in Resources */,
			);
			runOnlyForDeploymentPostprocessing = 0;
		};
		19CCB6BB2445332A00DFAD05 /* Resources */ = {
			isa = PBXResourcesBuildPhase;
			buildActionMask = 2147483647;
			files = (
			);
			runOnlyForDeploymentPostprocessing = 0;
		};
		19CCB6C62445332A00DFAD05 /* Resources */ = {
			isa = PBXResourcesBuildPhase;
			buildActionMask = 2147483647;
			files = (
			);
			runOnlyForDeploymentPostprocessing = 0;
		};
/* End PBXResourcesBuildPhase section */

/* Begin PBXShellScriptBuildPhase section */
		21F6647941A55341D51CBDC7 /* [CP] Check Pods Manifest.lock */ = {
			isa = PBXShellScriptBuildPhase;
			buildActionMask = 2147483647;
			files = (
			);
			inputFileListPaths = (
			);
			inputPaths = (
				"${PODS_PODFILE_DIR_PATH}/Podfile.lock",
				"${PODS_ROOT}/Manifest.lock",
			);
			name = "[CP] Check Pods Manifest.lock";
			outputFileListPaths = (
			);
			outputPaths = (
				"$(DERIVED_FILE_DIR)/Pods-InsightX-InsightXUITests-checkManifestLockResult.txt",
			);
			runOnlyForDeploymentPostprocessing = 0;
			shellPath = /bin/sh;
			shellScript = "diff \"${PODS_PODFILE_DIR_PATH}/Podfile.lock\" \"${PODS_ROOT}/Manifest.lock\" > /dev/null\nif [ $? != 0 ] ; then\n    # print error to STDERR\n    echo \"error: The sandbox is not in sync with the Podfile.lock. Run 'pod install' or update your CocoaPods installation.\" >&2\n    exit 1\nfi\n# This output is used by Xcode 'outputs' to avoid re-running this script phase.\necho \"SUCCESS\" > \"${SCRIPT_OUTPUT_FILE_0}\"\n";
			showEnvVarsInLog = 0;
		};
		564772B5BEFD04A2FB8D3569 /* [CP] Check Pods Manifest.lock */ = {
			isa = PBXShellScriptBuildPhase;
			buildActionMask = 2147483647;
			files = (
			);
			inputFileListPaths = (
			);
			inputPaths = (
				"${PODS_PODFILE_DIR_PATH}/Podfile.lock",
				"${PODS_ROOT}/Manifest.lock",
			);
			name = "[CP] Check Pods Manifest.lock";
			outputFileListPaths = (
			);
			outputPaths = (
				"$(DERIVED_FILE_DIR)/Pods-InsightXTests-checkManifestLockResult.txt",
			);
			runOnlyForDeploymentPostprocessing = 0;
			shellPath = /bin/sh;
			shellScript = "diff \"${PODS_PODFILE_DIR_PATH}/Podfile.lock\" \"${PODS_ROOT}/Manifest.lock\" > /dev/null\nif [ $? != 0 ] ; then\n    # print error to STDERR\n    echo \"error: The sandbox is not in sync with the Podfile.lock. Run 'pod install' or update your CocoaPods installation.\" >&2\n    exit 1\nfi\n# This output is used by Xcode 'outputs' to avoid re-running this script phase.\necho \"SUCCESS\" > \"${SCRIPT_OUTPUT_FILE_0}\"\n";
			showEnvVarsInLog = 0;
		};
		5B9DA73CF15E97E98387BFFC /* [CP] Embed Pods Frameworks */ = {
			isa = PBXShellScriptBuildPhase;
			buildActionMask = 2147483647;
			files = (
			);
			inputFileListPaths = (
				"${PODS_ROOT}/Target Support Files/Pods-InsightX-InsightXUITests/Pods-InsightX-InsightXUITests-frameworks-${CONFIGURATION}-input-files.xcfilelist",
			);
			name = "[CP] Embed Pods Frameworks";
			outputFileListPaths = (
				"${PODS_ROOT}/Target Support Files/Pods-InsightX-InsightXUITests/Pods-InsightX-InsightXUITests-frameworks-${CONFIGURATION}-output-files.xcfilelist",
			);
			runOnlyForDeploymentPostprocessing = 0;
			shellPath = /bin/sh;
			shellScript = "\"${PODS_ROOT}/Target Support Files/Pods-InsightX-InsightXUITests/Pods-InsightX-InsightXUITests-frameworks.sh\"\n";
			showEnvVarsInLog = 0;
		};
		5EF4C0790E2B1B329EE49409 /* [CP] Check Pods Manifest.lock */ = {
			isa = PBXShellScriptBuildPhase;
			buildActionMask = 2147483647;
			files = (
			);
			inputFileListPaths = (
			);
			inputPaths = (
				"${PODS_PODFILE_DIR_PATH}/Podfile.lock",
				"${PODS_ROOT}/Manifest.lock",
			);
			name = "[CP] Check Pods Manifest.lock";
			outputFileListPaths = (
			);
			outputPaths = (
				"$(DERIVED_FILE_DIR)/Pods-InsightX-checkManifestLockResult.txt",
			);
			runOnlyForDeploymentPostprocessing = 0;
			shellPath = /bin/sh;
			shellScript = "diff \"${PODS_PODFILE_DIR_PATH}/Podfile.lock\" \"${PODS_ROOT}/Manifest.lock\" > /dev/null\nif [ $? != 0 ] ; then\n    # print error to STDERR\n    echo \"error: The sandbox is not in sync with the Podfile.lock. Run 'pod install' or update your CocoaPods installation.\" >&2\n    exit 1\nfi\n# This output is used by Xcode 'outputs' to avoid re-running this script phase.\necho \"SUCCESS\" > \"${SCRIPT_OUTPUT_FILE_0}\"\n";
			showEnvVarsInLog = 0;
		};
		62BB06B5FC6D1F42E307C771 /* [CP] Embed Pods Frameworks */ = {
			isa = PBXShellScriptBuildPhase;
			buildActionMask = 2147483647;
			files = (
			);
			inputFileListPaths = (
				"${PODS_ROOT}/Target Support Files/Pods-InsightX/Pods-InsightX-frameworks-${CONFIGURATION}-input-files.xcfilelist",
			);
			name = "[CP] Embed Pods Frameworks";
			outputFileListPaths = (
				"${PODS_ROOT}/Target Support Files/Pods-InsightX/Pods-InsightX-frameworks-${CONFIGURATION}-output-files.xcfilelist",
			);
			runOnlyForDeploymentPostprocessing = 0;
			shellPath = /bin/sh;
			shellScript = "\"${PODS_ROOT}/Target Support Files/Pods-InsightX/Pods-InsightX-frameworks.sh\"\n";
			showEnvVarsInLog = 0;
		};
/* End PBXShellScriptBuildPhase section */

/* Begin PBXSourcesBuildPhase section */
		19CCB6A32445332800DFAD05 /* Sources */ = {
			isa = PBXSourcesBuildPhase;
			buildActionMask = 2147483647;
			files = (
				199972E92447DEA200F3BC0E /* Portfolio.swift in Sources */,
				19997346245395BC00F3BC0E /* NewsCard.swift in Sources */,
				19997305244A0A0200F3BC0E /* UpdateKycDetail.swift in Sources */,
				19CCB6AB2445332800DFAD05 /* AppDelegate.swift in Sources */,
				19997311244A585400F3BC0E /* TabBar.swift in Sources */,
				19997322244A6AEA00F3BC0E /* SecuritiesView.swift in Sources */,
				199972EB2447DEC600F3BC0E /* Securities.swift in Sources */,
				19997319244A60DD00F3BC0E /* RingView.swift in Sources */,
				19CCB6FA2447AEA800DFAD05 /* FirebaseData.swift in Sources */,
				19997315244A5BDF00F3BC0E /* Settings.swift in Sources */,
				19997338244CBA1B00F3BC0E /* RiskRingView.swift in Sources */,
				19CCB6AD2445332800DFAD05 /* SceneDelegate.swift in Sources */,
				199972F92448D54600F3BC0E /* Home.swift in Sources */,
				19997328244B71A500F3BC0E /* Modifiers.swift in Sources */,
				19997326244AA63400F3BC0E /* SecurityCardView.swift in Sources */,
				199972FF2449253A00F3BC0E /* UpdateKycList.swift in Sources */,
				1999732A244B87DA00F3BC0E /* ClientInfoView.swift in Sources */,
				1999730324492BA000F3BC0E /* KYC.swift in Sources */,
				1999733A244CE4DA00F3BC0E /* Stocks.swift in Sources */,
				19CCB6EA24469DE200DFAD05 /* Client.swift in Sources */,
				19BA2EB3245CC55300636ECC /* ThirdTradingMonth.swift in Sources */,
				19997344244F86B300F3BC0E /* News.swift in Sources */,
				19BA2EAD245CC16C00636ECC /* FirstTradingMonth.swift in Sources */,
				1999730F244A4ED900F3BC0E /* AddNewKycTask.swift in Sources */,
				19BA2EB1245CC40900636ECC /* SecondTradingMonth.swift in Sources */,
				199972FB2448E2EB00F3BC0E /* HomeView.swift in Sources */,
				19997313244A5BC600F3BC0E /* NewsView.swift in Sources */,
				1999738F245906B000F3BC0E /* EditPortfolio.swift in Sources */,
				199972F72448C32100F3BC0E /* MenuView.swift in Sources */,
				1999732C244BD1A400F3BC0E /* PortfolioInfoView.swift in Sources */,
			);
			runOnlyForDeploymentPostprocessing = 0;
		};
		19CCB6B92445332A00DFAD05 /* Sources */ = {
			isa = PBXSourcesBuildPhase;
			buildActionMask = 2147483647;
			files = (
				19CCB6C22445332A00DFAD05 /* InsightXTests.swift in Sources */,
			);
			runOnlyForDeploymentPostprocessing = 0;
		};
		19CCB6C42445332A00DFAD05 /* Sources */ = {
			isa = PBXSourcesBuildPhase;
			buildActionMask = 2147483647;
			files = (
				19CCB6CD2445332A00DFAD05 /* InsightXUITests.swift in Sources */,
			);
			runOnlyForDeploymentPostprocessing = 0;
		};
/* End PBXSourcesBuildPhase section */

/* Begin PBXTargetDependency section */
		19CCB6BF2445332A00DFAD05 /* PBXTargetDependency */ = {
			isa = PBXTargetDependency;
			target = 19CCB6A62445332800DFAD05 /* InsightX */;
			targetProxy = 19CCB6BE2445332A00DFAD05 /* PBXContainerItemProxy */;
		};
		19CCB6CA2445332A00DFAD05 /* PBXTargetDependency */ = {
			isa = PBXTargetDependency;
			target = 19CCB6A62445332800DFAD05 /* InsightX */;
			targetProxy = 19CCB6C92445332A00DFAD05 /* PBXContainerItemProxy */;
		};
/* End PBXTargetDependency section */

/* Begin PBXVariantGroup section */
		19CCB6B52445332900DFAD05 /* LaunchScreen.storyboard */ = {
			isa = PBXVariantGroup;
			children = (
				19CCB6B62445332900DFAD05 /* Base */,
			);
			name = LaunchScreen.storyboard;
			sourceTree = "<group>";
		};
/* End PBXVariantGroup section */

/* Begin XCBuildConfiguration section */
		19CCB6CF2445332A00DFAD05 /* Debug */ = {
			isa = XCBuildConfiguration;
			buildSettings = {
				ALWAYS_SEARCH_USER_PATHS = NO;
				CLANG_ANALYZER_NONNULL = YES;
				CLANG_ANALYZER_NUMBER_OBJECT_CONVERSION = YES_AGGRESSIVE;
				CLANG_CXX_LANGUAGE_STANDARD = "gnu++14";
				CLANG_CXX_LIBRARY = "libc++";
				CLANG_ENABLE_MODULES = YES;
				CLANG_ENABLE_OBJC_ARC = YES;
				CLANG_ENABLE_OBJC_WEAK = YES;
				CLANG_WARN_BLOCK_CAPTURE_AUTORELEASING = YES;
				CLANG_WARN_BOOL_CONVERSION = YES;
				CLANG_WARN_COMMA = YES;
				CLANG_WARN_CONSTANT_CONVERSION = YES;
				CLANG_WARN_DEPRECATED_OBJC_IMPLEMENTATIONS = YES;
				CLANG_WARN_DIRECT_OBJC_ISA_USAGE = YES_ERROR;
				CLANG_WARN_DOCUMENTATION_COMMENTS = YES;
				CLANG_WARN_EMPTY_BODY = YES;
				CLANG_WARN_ENUM_CONVERSION = YES;
				CLANG_WARN_INFINITE_RECURSION = YES;
				CLANG_WARN_INT_CONVERSION = YES;
				CLANG_WARN_NON_LITERAL_NULL_CONVERSION = YES;
				CLANG_WARN_OBJC_IMPLICIT_RETAIN_SELF = YES;
				CLANG_WARN_OBJC_LITERAL_CONVERSION = YES;
				CLANG_WARN_OBJC_ROOT_CLASS = YES_ERROR;
				CLANG_WARN_RANGE_LOOP_ANALYSIS = YES;
				CLANG_WARN_STRICT_PROTOTYPES = YES;
				CLANG_WARN_SUSPICIOUS_MOVE = YES;
				CLANG_WARN_UNGUARDED_AVAILABILITY = YES_AGGRESSIVE;
				CLANG_WARN_UNREACHABLE_CODE = YES;
				CLANG_WARN__DUPLICATE_METHOD_MATCH = YES;
				COPY_PHASE_STRIP = NO;
				DEBUG_INFORMATION_FORMAT = dwarf;
				ENABLE_STRICT_OBJC_MSGSEND = YES;
				ENABLE_TESTABILITY = YES;
				GCC_C_LANGUAGE_STANDARD = gnu11;
				GCC_DYNAMIC_NO_PIC = NO;
				GCC_NO_COMMON_BLOCKS = YES;
				GCC_OPTIMIZATION_LEVEL = 0;
				GCC_PREPROCESSOR_DEFINITIONS = (
					"DEBUG=1",
					"$(inherited)",
				);
				GCC_WARN_64_TO_32_BIT_CONVERSION = YES;
				GCC_WARN_ABOUT_RETURN_TYPE = YES_ERROR;
				GCC_WARN_UNDECLARED_SELECTOR = YES;
				GCC_WARN_UNINITIALIZED_AUTOS = YES_AGGRESSIVE;
				GCC_WARN_UNUSED_FUNCTION = YES;
				GCC_WARN_UNUSED_VARIABLE = YES;
				IPHONEOS_DEPLOYMENT_TARGET = 13.4;
				MTL_ENABLE_DEBUG_INFO = INCLUDE_SOURCE;
				MTL_FAST_MATH = YES;
				ONLY_ACTIVE_ARCH = YES;
				SDKROOT = iphoneos;
				SWIFT_ACTIVE_COMPILATION_CONDITIONS = DEBUG;
				SWIFT_OPTIMIZATION_LEVEL = "-Onone";
			};
			name = Debug;
		};
		19CCB6D02445332A00DFAD05 /* Release */ = {
			isa = XCBuildConfiguration;
			buildSettings = {
				ALWAYS_SEARCH_USER_PATHS = NO;
				CLANG_ANALYZER_NONNULL = YES;
				CLANG_ANALYZER_NUMBER_OBJECT_CONVERSION = YES_AGGRESSIVE;
				CLANG_CXX_LANGUAGE_STANDARD = "gnu++14";
				CLANG_CXX_LIBRARY = "libc++";
				CLANG_ENABLE_MODULES = YES;
				CLANG_ENABLE_OBJC_ARC = YES;
				CLANG_ENABLE_OBJC_WEAK = YES;
				CLANG_WARN_BLOCK_CAPTURE_AUTORELEASING = YES;
				CLANG_WARN_BOOL_CONVERSION = YES;
				CLANG_WARN_COMMA = YES;
				CLANG_WARN_CONSTANT_CONVERSION = YES;
				CLANG_WARN_DEPRECATED_OBJC_IMPLEMENTATIONS = YES;
				CLANG_WARN_DIRECT_OBJC_ISA_USAGE = YES_ERROR;
				CLANG_WARN_DOCUMENTATION_COMMENTS = YES;
				CLANG_WARN_EMPTY_BODY = YES;
				CLANG_WARN_ENUM_CONVERSION = YES;
				CLANG_WARN_INFINITE_RECURSION = YES;
				CLANG_WARN_INT_CONVERSION = YES;
				CLANG_WARN_NON_LITERAL_NULL_CONVERSION = YES;
				CLANG_WARN_OBJC_IMPLICIT_RETAIN_SELF = YES;
				CLANG_WARN_OBJC_LITERAL_CONVERSION = YES;
				CLANG_WARN_OBJC_ROOT_CLASS = YES_ERROR;
				CLANG_WARN_RANGE_LOOP_ANALYSIS = YES;
				CLANG_WARN_STRICT_PROTOTYPES = YES;
				CLANG_WARN_SUSPICIOUS_MOVE = YES;
				CLANG_WARN_UNGUARDED_AVAILABILITY = YES_AGGRESSIVE;
				CLANG_WARN_UNREACHABLE_CODE = YES;
				CLANG_WARN__DUPLICATE_METHOD_MATCH = YES;
				COPY_PHASE_STRIP = NO;
				DEBUG_INFORMATION_FORMAT = "dwarf-with-dsym";
				ENABLE_NS_ASSERTIONS = NO;
				ENABLE_STRICT_OBJC_MSGSEND = YES;
				GCC_C_LANGUAGE_STANDARD = gnu11;
				GCC_NO_COMMON_BLOCKS = YES;
				GCC_WARN_64_TO_32_BIT_CONVERSION = YES;
				GCC_WARN_ABOUT_RETURN_TYPE = YES_ERROR;
				GCC_WARN_UNDECLARED_SELECTOR = YES;
				GCC_WARN_UNINITIALIZED_AUTOS = YES_AGGRESSIVE;
				GCC_WARN_UNUSED_FUNCTION = YES;
				GCC_WARN_UNUSED_VARIABLE = YES;
				IPHONEOS_DEPLOYMENT_TARGET = 13.4;
				MTL_ENABLE_DEBUG_INFO = NO;
				MTL_FAST_MATH = YES;
				SDKROOT = iphoneos;
				SWIFT_COMPILATION_MODE = wholemodule;
				SWIFT_OPTIMIZATION_LEVEL = "-O";
				VALIDATE_PRODUCT = YES;
			};
			name = Release;
		};
		19CCB6D22445332A00DFAD05 /* Debug */ = {
			isa = XCBuildConfiguration;
			baseConfigurationReference = 9F0AC26CDDE261469B9B7DA7 /* Pods-InsightX.debug.xcconfig */;
			buildSettings = {
				ASSETCATALOG_COMPILER_APPICON_NAME = AppIcon;
				CODE_SIGN_STYLE = Automatic;
				DEVELOPMENT_ASSET_PATHS = "\"InsightX/Preview Content\"";
				DEVELOPMENT_TEAM = 2Z7289NTR6;
				ENABLE_PREVIEWS = YES;
				INFOPLIST_FILE = InsightX/Info.plist;
				LD_RUNPATH_SEARCH_PATHS = (
					"$(inherited)",
					"@executable_path/Frameworks",
				);
				PRODUCT_BUNDLE_IDENTIFIER = com.Arish.InsightX;
				PRODUCT_NAME = "$(TARGET_NAME)";
				SWIFT_VERSION = 5.0;
				TARGETED_DEVICE_FAMILY = 1;
			};
			name = Debug;
		};
		19CCB6D32445332A00DFAD05 /* Release */ = {
			isa = XCBuildConfiguration;
			baseConfigurationReference = ADFFA064E315147F080EFFA0 /* Pods-InsightX.release.xcconfig */;
			buildSettings = {
				ASSETCATALOG_COMPILER_APPICON_NAME = AppIcon;
				CODE_SIGN_STYLE = Automatic;
				DEVELOPMENT_ASSET_PATHS = "\"InsightX/Preview Content\"";
				DEVELOPMENT_TEAM = 2Z7289NTR6;
				ENABLE_PREVIEWS = YES;
				INFOPLIST_FILE = InsightX/Info.plist;
				LD_RUNPATH_SEARCH_PATHS = (
					"$(inherited)",
					"@executable_path/Frameworks",
				);
				PRODUCT_BUNDLE_IDENTIFIER = com.Arish.InsightX;
				PRODUCT_NAME = "$(TARGET_NAME)";
				SWIFT_VERSION = 5.0;
				TARGETED_DEVICE_FAMILY = 1;
			};
			name = Release;
		};
		19CCB6D52445332A00DFAD05 /* Debug */ = {
			isa = XCBuildConfiguration;
			baseConfigurationReference = CFFC84E620E8AF7775B73CF2 /* Pods-InsightXTests.debug.xcconfig */;
			buildSettings = {
				ALWAYS_EMBED_SWIFT_STANDARD_LIBRARIES = YES;
				BUNDLE_LOADER = "$(TEST_HOST)";
				CODE_SIGN_STYLE = Automatic;
				INFOPLIST_FILE = InsightXTests/Info.plist;
				IPHONEOS_DEPLOYMENT_TARGET = 13.4;
				LD_RUNPATH_SEARCH_PATHS = (
					"$(inherited)",
					"@executable_path/Frameworks",
					"@loader_path/Frameworks",
				);
				PRODUCT_BUNDLE_IDENTIFIER = com.Arish.InsightXTests;
				PRODUCT_NAME = "$(TARGET_NAME)";
				SWIFT_VERSION = 5.0;
				TARGETED_DEVICE_FAMILY = "1,2";
				TEST_HOST = "$(BUILT_PRODUCTS_DIR)/InsightX.app/InsightX";
			};
			name = Debug;
		};
		19CCB6D62445332A00DFAD05 /* Release */ = {
			isa = XCBuildConfiguration;
			baseConfigurationReference = 91FFB55463D1B462DA0E9F1E /* Pods-InsightXTests.release.xcconfig */;
			buildSettings = {
				ALWAYS_EMBED_SWIFT_STANDARD_LIBRARIES = YES;
				BUNDLE_LOADER = "$(TEST_HOST)";
				CODE_SIGN_STYLE = Automatic;
				INFOPLIST_FILE = InsightXTests/Info.plist;
				IPHONEOS_DEPLOYMENT_TARGET = 13.4;
				LD_RUNPATH_SEARCH_PATHS = (
					"$(inherited)",
					"@executable_path/Frameworks",
					"@loader_path/Frameworks",
				);
				PRODUCT_BUNDLE_IDENTIFIER = com.Arish.InsightXTests;
				PRODUCT_NAME = "$(TARGET_NAME)";
				SWIFT_VERSION = 5.0;
				TARGETED_DEVICE_FAMILY = "1,2";
				TEST_HOST = "$(BUILT_PRODUCTS_DIR)/InsightX.app/InsightX";
			};
			name = Release;
		};
		19CCB6D82445332A00DFAD05 /* Debug */ = {
			isa = XCBuildConfiguration;
			baseConfigurationReference = DA320B3E543E5783B7E2C766 /* Pods-InsightX-InsightXUITests.debug.xcconfig */;
			buildSettings = {
				ALWAYS_EMBED_SWIFT_STANDARD_LIBRARIES = YES;
				CODE_SIGN_STYLE = Automatic;
				INFOPLIST_FILE = InsightXUITests/Info.plist;
				LD_RUNPATH_SEARCH_PATHS = (
					"$(inherited)",
					"@executable_path/Frameworks",
					"@loader_path/Frameworks",
				);
				PRODUCT_BUNDLE_IDENTIFIER = com.Arish.InsightXUITests;
				PRODUCT_NAME = "$(TARGET_NAME)";
				SWIFT_VERSION = 5.0;
				TARGETED_DEVICE_FAMILY = "1,2";
				TEST_TARGET_NAME = InsightX;
			};
			name = Debug;
		};
		19CCB6D92445332A00DFAD05 /* Release */ = {
			isa = XCBuildConfiguration;
			baseConfigurationReference = 9EBD6FC51F50B33205E59034 /* Pods-InsightX-InsightXUITests.release.xcconfig */;
			buildSettings = {
				ALWAYS_EMBED_SWIFT_STANDARD_LIBRARIES = YES;
				CODE_SIGN_STYLE = Automatic;
				INFOPLIST_FILE = InsightXUITests/Info.plist;
				LD_RUNPATH_SEARCH_PATHS = (
					"$(inherited)",
					"@executable_path/Frameworks",
					"@loader_path/Frameworks",
				);
				PRODUCT_BUNDLE_IDENTIFIER = com.Arish.InsightXUITests;
				PRODUCT_NAME = "$(TARGET_NAME)";
				SWIFT_VERSION = 5.0;
				TARGETED_DEVICE_FAMILY = "1,2";
				TEST_TARGET_NAME = InsightX;
			};
			name = Release;
		};
/* End XCBuildConfiguration section */

/* Begin XCConfigurationList section */
		19CCB6A22445332800DFAD05 /* Build configuration list for PBXProject "InsightX" */ = {
			isa = XCConfigurationList;
			buildConfigurations = (
				19CCB6CF2445332A00DFAD05 /* Debug */,
				19CCB6D02445332A00DFAD05 /* Release */,
			);
			defaultConfigurationIsVisible = 0;
			defaultConfigurationName = Release;
		};
		19CCB6D12445332A00DFAD05 /* Build configuration list for PBXNativeTarget "InsightX" */ = {
			isa = XCConfigurationList;
			buildConfigurations = (
				19CCB6D22445332A00DFAD05 /* Debug */,
				19CCB6D32445332A00DFAD05 /* Release */,
			);
			defaultConfigurationIsVisible = 0;
			defaultConfigurationName = Release;
		};
		19CCB6D42445332A00DFAD05 /* Build configuration list for PBXNativeTarget "InsightXTests" */ = {
			isa = XCConfigurationList;
			buildConfigurations = (
				19CCB6D52445332A00DFAD05 /* Debug */,
				19CCB6D62445332A00DFAD05 /* Release */,
			);
			defaultConfigurationIsVisible = 0;
			defaultConfigurationName = Release;
		};
		19CCB6D72445332A00DFAD05 /* Build configuration list for PBXNativeTarget "InsightXUITests" */ = {
			isa = XCConfigurationList;
			buildConfigurations = (
				19CCB6D82445332A00DFAD05 /* Debug */,
				19CCB6D92445332A00DFAD05 /* Release */,
			);
			defaultConfigurationIsVisible = 0;
			defaultConfigurationName = Release;
		};
/* End XCConfigurationList section */

/* Begin XCRemoteSwiftPackageReference section */
		1999731A244A622600F3BC0E /* XCRemoteSwiftPackageReference "ChartView" */ = {
			isa = XCRemoteSwiftPackageReference;
			repositoryURL = "https://github.com/AppPear/ChartView";
			requirement = {
				kind = upToNextMajorVersion;
				minimumVersion = 1.5.0;
			};
		};
		1999732D244C06FC00F3BC0E /* XCRemoteSwiftPackageReference "SwiftSunburstDiagram" */ = {
			isa = XCRemoteSwiftPackageReference;
			repositoryURL = "https://github.com/lludo/SwiftSunburstDiagram.git";
			requirement = {
				kind = upToNextMajorVersion;
				minimumVersion = 1.1.0;
			};
		};
		19997334244C091A00F3BC0E /* XCRemoteSwiftPackageReference "swiftui-sliders" */ = {
			isa = XCRemoteSwiftPackageReference;
			repositoryURL = "https://github.com/spacenation/swiftui-sliders.git";
			requirement = {
				kind = upToNextMajorVersion;
				minimumVersion = 0.2.1;
			};
		};
		1999733B244DF55700F3BC0E /* XCRemoteSwiftPackageReference "Alamofire" */ = {
			isa = XCRemoteSwiftPackageReference;
			repositoryURL = "https://github.com/Alamofire/Alamofire.git";
			requirement = {
				kind = upToNextMajorVersion;
				minimumVersion = 5.1.0;
			};
		};
		1999733E244E16C600F3BC0E /* XCRemoteSwiftPackageReference "SwiftyJSON" */ = {
			isa = XCRemoteSwiftPackageReference;
			repositoryURL = "https://github.com/SwiftyJSON/SwiftyJSON.git";
			requirement = {
				kind = upToNextMajorVersion;
				minimumVersion = 5.0.0;
			};
		};
		1999738B2458B6D900F3BC0E /* XCRemoteSwiftPackageReference "SDWebImageSwiftUI" */ = {
			isa = XCRemoteSwiftPackageReference;
			repositoryURL = "https://github.com/SDWebImage/SDWebImageSwiftUI.git";
			requirement = {
				kind = upToNextMajorVersion;
				minimumVersion = 1.3.3;
			};
		};
/* End XCRemoteSwiftPackageReference section */

/* Begin XCSwiftPackageProductDependency section */
		1999731B244A622600F3BC0E /* SwiftUICharts */ = {
			isa = XCSwiftPackageProductDependency;
			package = 1999731A244A622600F3BC0E /* XCRemoteSwiftPackageReference "ChartView" */;
			productName = SwiftUICharts;
		};
		1999732E244C06FD00F3BC0E /* SunburstDiagram */ = {
			isa = XCSwiftPackageProductDependency;
			package = 1999732D244C06FC00F3BC0E /* XCRemoteSwiftPackageReference "SwiftSunburstDiagram" */;
			productName = SunburstDiagram;
		};
		19997335244C091A00F3BC0E /* Sliders */ = {
			isa = XCSwiftPackageProductDependency;
			package = 19997334244C091A00F3BC0E /* XCRemoteSwiftPackageReference "swiftui-sliders" */;
			productName = Sliders;
		};
		1999733C244DF55700F3BC0E /* Alamofire */ = {
			isa = XCSwiftPackageProductDependency;
			package = 1999733B244DF55700F3BC0E /* XCRemoteSwiftPackageReference "Alamofire" */;
			productName = Alamofire;
		};
		1999733F244E16C600F3BC0E /* SwiftyJSON */ = {
			isa = XCSwiftPackageProductDependency;
			package = 1999733E244E16C600F3BC0E /* XCRemoteSwiftPackageReference "SwiftyJSON" */;
			productName = SwiftyJSON;
		};
		1999738C2458B6D900F3BC0E /* SDWebImageSwiftUI */ = {
			isa = XCSwiftPackageProductDependency;
			package = 1999738B2458B6D900F3BC0E /* XCRemoteSwiftPackageReference "SDWebImageSwiftUI" */;
			productName = SDWebImageSwiftUI;
		};
/* End XCSwiftPackageProductDependency section */
	};
	rootObject = 19CCB69F2445332800DFAD05 /* Project object */;
}
